
Microsoft Visual Studio Solution File, Format Version 12.00
# Visual Studio Version 16
VisualStudioVersion = 16.0.32126.315
MinimumVisualStudioVersion = 10.0.40219.1
Project("{FAE04EC0-301F-11D3-BF4B-00C04F79EFBC}") = "CrudWithADO", "CrudWithADO\CrudWithADO.csproj", "{64F251A5-04E3-40D3-A55E-582DFA864FED}"
EndProject
Global
	GlobalSection(SolutionConfigurationPlatforms) = preSolution
		Debug|Any CPU = Debug|Any CPU
		Release|Any CPU = Release|Any CPU
	EndGlobalSection
	GlobalSection(ProjectConfigurationPlatforms) = postSolution
		{64F251A5-04E3-40D3-A55E-582DFA864FED}.Debug|Any CPU.ActiveCfg = Debug|Any CPU
		{64F251A5-04E3-40D3-A55E-582DFA864FED}.Debug|Any CPU.Build.0 = Debug|Any CPU
		{64F251A5-04E3-40D3-A55E-582DFA864FED}.Release|Any CPU.ActiveCfg = Release|Any CPU
		{64F251A5-04E3-40D3-A55E-582DFA864FED}.Release|Any CPU.Build.0 = Release|Any CPU
	EndGlobalSection
	GlobalSection(SolutionProperties) = preSolution
		HideSolutionNode = FALSE
	EndGlobalSection
	GlobalSection(ExtensibilityGlobals) = postSolution
		SolutionGuid = {4847FE00-9FAE-45AA-BBBB-92E1E16E9CF0}
	EndGlobalSection
EndGlobal
